
Microsoft Visual Studio Solution File, Format Version 12.00
# Visual Studio Version 17
VisualStudioVersion = 17.2.32519.379
MinimumVisualStudioVersion = 10.0.40219.1
Project("{FAE04EC0-301F-11D3-BF4B-00C04F79EFBC}") = "WcfGameStore", "WcfGameStore\WcfGameStore.csproj", "{7D9BD270-A1DD-4D5C-9342-95638F757842}"
EndProject
Project("{FAE04EC0-301F-11D3-BF4B-00C04F79EFBC}") = "AppGameStore.UWP", "AppGameStore\AppGameStore.UWP\AppGameStore.UWP.csproj", "{89596E0C-CD02-4EC7-919A-E849EF341C1A}"
EndProject
Project("{FAE04EC0-301F-11D3-BF4B-00C04F79EFBC}") = "AppGameStore.Android", "AppGameStore\AppGameStore.Android\AppGameStore.Android.csproj", "{6DF6C077-B75D-47E8-89BD-9B1FBEC95E62}"
EndProject
Project("{FAE04EC0-301F-11D3-BF4B-00C04F79EFBC}") = "AppGameStore.iOS", "AppGameStore\AppGameStore.iOS\AppGameStore.iOS.csproj", "{75D9062D-414B-4C5B-A0CF-EC493C74363E}"
EndProject
Project("{FAE04EC0-301F-11D3-BF4B-00C04F79EFBC}") = "AppGameStore", "AppGameStore\AppGameStore\AppGameStore.csproj", "{8C434F4B-4C29-4FCA-A75E-7F8B6EB7B7B9}"
EndProject
Global
	GlobalSection(SolutionConfigurationPlatforms) = preSolution
		Debug|Any CPU = Debug|Any CPU
		Debug|ARM = Debug|ARM
		Debug|iPhone = Debug|iPhone
		Debug|iPhoneSimulator = Debug|iPhoneSimulator
		Debug|x64 = Debug|x64
		Debug|x86 = Debug|x86
		Release|Any CPU = Release|Any CPU
		Release|ARM = Release|ARM
		Release|iPhone = Release|iPhone
		Release|iPhoneSimulator = Release|iPhoneSimulator
		Release|x64 = Release|x64
		Release|x86 = Release|x86
	EndGlobalSection
	GlobalSection(ProjectConfigurationPlatforms) = postSolution
		{7D9BD270-A1DD-4D5C-9342-95638F757842}.Debug|Any CPU.ActiveCfg = Debug|Any CPU
		{7D9BD270-A1DD-4D5C-9342-95638F757842}.Debug|Any CPU.Build.0 = Debug|Any CPU
		{7D9BD270-A1DD-4D5C-9342-95638F757842}.Debug|ARM.ActiveCfg = Debug|Any CPU
		{7D9BD270-A1DD-4D5C-9342-95638F757842}.Debug|ARM.Build.0 = Debug|Any CPU
		{7D9BD270-A1DD-4D5C-9342-95638F757842}.Debug|iPhone.ActiveCfg = Debug|Any CPU
		{7D9BD270-A1DD-4D5C-9342-95638F757842}.Debug|iPhone.Build.0 = Debug|Any CPU
		{7D9BD270-A1DD-4D5C-9342-95638F757842}.Debug|iPhoneSimulator.ActiveCfg = Debug|Any CPU
		{7D9BD270-A1DD-4D5C-9342-95638F757842}.Debug|iPhoneSimulator.Build.0 = Debug|Any CPU
		{7D9BD270-A1DD-4D5C-9342-95638F757842}.Debug|x64.ActiveCfg = Debug|Any CPU
		{7D9BD270-A1DD-4D5C-9342-95638F757842}.Debug|x64.Build.0 = Debug|Any CPU
		{7D9BD270-A1DD-4D5C-9342-95638F757842}.Debug|x86.ActiveCfg = Debug|Any CPU
		{7D9BD270-A1DD-4D5C-9342-95638F757842}.Debug|x86.Build.0 = Debug|Any CPU
		{7D9BD270-A1DD-4D5C-9342-95638F757842}.Release|Any CPU.ActiveCfg = Release|Any CPU
		{7D9BD270-A1DD-4D5C-9342-95638F757842}.Release|Any CPU.Build.0 = Release|Any CPU
		{7D9BD270-A1DD-4D5C-9342-95638F757842}.Release|ARM.ActiveCfg = Release|Any CPU
		{7D9BD270-A1DD-4D5C-9342-95638F757842}.Release|ARM.Build.0 = Release|Any CPU
		{7D9BD270-A1DD-4D5C-9342-95638F757842}.Release|iPhone.ActiveCfg = Release|Any CPU
		{7D9BD270-A1DD-4D5C-9342-95638F757842}.Release|iPhone.Build.0 = Release|Any CPU
		{7D9BD270-A1DD-4D5C-9342-95638F757842}.Release|iPhoneSimulator.ActiveCfg = Release|Any CPU
		{7D9BD270-A1DD-4D5C-9342-95638F757842}.Release|iPhoneSimulator.Build.0 = Release|Any CPU
		{7D9BD270-A1DD-4D5C-9342-95638F757842}.Release|x64.ActiveCfg = Release|Any CPU
		{7D9BD270-A1DD-4D5C-9342-95638F757842}.Release|x64.Build.0 = Release|Any CPU
		{7D9BD270-A1DD-4D5C-9342-95638F757842}.Release|x86.ActiveCfg = Release|Any CPU
		{7D9BD270-A1DD-4D5C-9342-95638F757842}.Release|x86.Build.0 = Release|Any CPU
		{89596E0C-CD02-4EC7-919A-E849EF341C1A}.Debug|Any CPU.ActiveCfg = Debug|x64
		{89596E0C-CD02-4EC7-919A-E849EF341C1A}.Debug|Any CPU.Build.0 = Debug|x64
		{89596E0C-CD02-4EC7-919A-E849EF341C1A}.Debug|Any CPU.Deploy.0 = Debug|x64
		{89596E0C-CD02-4EC7-919A-E849EF341C1A}.Debug|ARM.ActiveCfg = Debug|ARM
		{89596E0C-CD02-4EC7-919A-E849EF341C1A}.Debug|ARM.Build.0 = Debug|ARM
		{89596E0C-CD02-4EC7-919A-E849EF341C1A}.Debug|ARM.Deploy.0 = Debug|ARM
		{89596E0C-CD02-4EC7-919A-E849EF341C1A}.Debug|iPhone.ActiveCfg = Debug|x64
		{89596E0C-CD02-4EC7-919A-E849EF341C1A}.Debug|iPhone.Build.0 = Debug|x64
		{89596E0C-CD02-4EC7-919A-E849EF341C1A}.Debug|iPhone.Deploy.0 = Debug|x64
		{89596E0C-CD02-4EC7-919A-E849EF341C1A}.Debug|iPhoneSimulator.ActiveCfg = Debug|x64
		{89596E0C-CD02-4EC7-919A-E849EF341C1A}.Debug|iPhoneSimulator.Build.0 = Debug|x64
		{89596E0C-CD02-4EC7-919A-E849EF341C1A}.Debug|iPhoneSimulator.Deploy.0 = Debug|x64
		{89596E0C-CD02-4EC7-919A-E849EF341C1A}.Debug|x64.ActiveCfg = Debug|x64
		{89596E0C-CD02-4EC7-919A-E849EF341C1A}.Debug|x64.Build.0 = Debug|x64
		{89596E0C-CD02-4EC7-919A-E849EF341C1A}.Debug|x64.Deploy.0 = Debug|x64
		{89596E0C-CD02-4EC7-919A-E849EF341C1A}.Debug|x86.ActiveCfg = Debug|x86
		{89596E0C-CD02-4EC7-919A-E849EF341C1A}.Debug|x86.Build.0 = Debug|x86
		{89596E0C-CD02-4EC7-919A-E849EF341C1A}.Debug|x86.Deploy.0 = Debug|x86
		{89596E0C-CD02-4EC7-919A-E849EF341C1A}.Release|Any CPU.ActiveCfg = Release|x64
		{89596E0C-CD02-4EC7-919A-E849EF341C1A}.Release|Any CPU.Build.0 = Release|x64
		{89596E0C-CD02-4EC7-919A-E849EF341C1A}.Release|Any CPU.Deploy.0 = Release|x64
		{89596E0C-CD02-4EC7-919A-E849EF341C1A}.Release|ARM.ActiveCfg = Release|ARM
		{89596E0C-CD02-4EC7-919A-E849EF341C1A}.Release|ARM.Build.0 = Release|ARM
		{89596E0C-CD02-4EC7-919A-E849EF341C1A}.Release|ARM.Deploy.0 = Release|ARM
		{89596E0C-CD02-4EC7-919A-E849EF341C1A}.Release|iPhone.ActiveCfg = Release|x64
		{89596E0C-CD02-4EC7-919A-E849EF341C1A}.Release|iPhone.Build.0 = Release|x64
		{89596E0C-CD02-4EC7-919A-E849EF341C1A}.Release|iPhone.Deploy.0 = Release|x64
		{89596E0C-CD02-4EC7-919A-E849EF341C1A}.Release|iPhoneSimulator.ActiveCfg = Release|x64
		{89596E0C-CD02-4EC7-919A-E849EF341C1A}.Release|iPhoneSimulator.Build.0 = Release|x64
		{89596E0C-CD02-4EC7-919A-E849EF341C1A}.Release|iPhoneSimulator.Deploy.0 = Release|x64
		{89596E0C-CD02-4EC7-919A-E849EF341C1A}.Release|x64.ActiveCfg = Release|x64
		{89596E0C-CD02-4EC7-919A-E849EF341C1A}.Release|x64.Build.0 = Release|x64
		{89596E0C-CD02-4EC7-919A-E849EF341C1A}.Release|x64.Deploy.0 = Release|x64
		{89596E0C-CD02-4EC7-919A-E849EF341C1A}.Release|x86.ActiveCfg = Release|x86
		{89596E0C-CD02-4EC7-919A-E849EF341C1A}.Release|x86.Build.0 = Release|x86
		{89596E0C-CD02-4EC7-919A-E849EF341C1A}.Release|x86.Deploy.0 = Release|x86
		{6DF6C077-B75D-47E8-89BD-9B1FBEC95E62}.Debug|Any CPU.ActiveCfg = Debug|Any CPU
		{6DF6C077-B75D-47E8-89BD-9B1FBEC95E62}.Debug|Any CPU.Build.0 = Debug|Any CPU
		{6DF6C077-B75D-47E8-89BD-9B1FBEC95E62}.Debug|Any CPU.Deploy.0 = Debug|Any CPU
		{6DF6C077-B75D-47E8-89BD-9B1FBEC95E62}.Debug|ARM.ActiveCfg = Debug|Any CPU
		{6DF6C077-B75D-47E8-89BD-9B1FBEC95E62}.Debug|ARM.Build.0 = Debug|Any CPU
		{6DF6C077-B75D-47E8-89BD-9B1FBEC95E62}.Debug|ARM.Deploy.0 = Debug|Any CPU
		{6DF6C077-B75D-47E8-89BD-9B1FBEC95E62}.Debug|iPhone.ActiveCfg = Debug|Any CPU
		{6DF6C077-B75D-47E8-89BD-9B1FBEC95E62}.Debug|iPhone.Build.0 = Debug|Any CPU
		{6DF6C077-B75D-47E8-89BD-9B1FBEC95E62}.Debug|iPhone.Deploy.0 = Debug|Any CPU
		{6DF6C077-B75D-47E8-89BD-9B1FBEC95E62}.Debug|iPhoneSimulator.ActiveCfg = Debug|Any CPU
		{6DF6C077-B75D-47E8-89BD-9B1FBEC95E62}.Debug|iPhoneSimulator.Build.0 = Debug|Any CPU
		{6DF6C077-B75D-47E8-89BD-9B1FBEC95E62}.Debug|iPhoneSimulator.Deploy.0 = Debug|Any CPU
		{6DF6C077-B75D-47E8-89BD-9B1FBEC95E62}.Debug|x64.ActiveCfg = Debug|Any CPU
		{6DF6C077-B75D-47E8-89BD-9B1FBEC95E62}.Debug|x64.Build.0 = Debug|Any CPU
		{6DF6C077-B75D-47E8-89BD-9B1FBEC95E62}.Debug|x64.Deploy.0 = Debug|Any CPU
		{6DF6C077-B75D-47E8-89BD-9B1FBEC95E62}.Debug|x86.ActiveCfg = Debug|Any CPU
		{6DF6C077-B75D-47E8-89BD-9B1FBEC95E62}.Debug|x86.Build.0 = Debug|Any CPU
		{6DF6C077-B75D-47E8-89BD-9B1FBEC95E62}.Debug|x86.Deploy.0 = Debug|Any CPU
		{6DF6C077-B75D-47E8-89BD-9B1FBEC95E62}.Release|Any CPU.ActiveCfg = Release|Any CPU
		{6DF6C077-B75D-47E8-89BD-9B1FBEC95E62}.Release|Any CPU.Build.0 = Release|Any CPU
		{6DF6C077-B75D-47E8-89BD-9B1FBEC95E62}.Release|Any CPU.Deploy.0 = Release|Any CPU
		{6DF6C077-B75D-47E8-89BD-9B1FBEC95E62}.Release|ARM.ActiveCfg = Release|Any CPU
		{6DF6C077-B75D-47E8-89BD-9B1FBEC95E62}.Release|ARM.Build.0 = Release|Any CPU
		{6DF6C077-B75D-47E8-89BD-9B1FBEC95E62}.Release|ARM.Deploy.0 = Release|Any CPU
		{6DF6C077-B75D-47E8-89BD-9B1FBEC95E62}.Release|iPhone.ActiveCfg = Release|Any CPU
		{6DF6C077-B75D-47E8-89BD-9B1FBEC95E62}.Release|iPhone.Build.0 = Release|Any CPU
		{6DF6C077-B75D-47E8-89BD-9B1FBEC95E62}.Release|iPhone.Deploy.0 = Release|Any CPU
		{6DF6C077-B75D-47E8-89BD-9B1FBEC95E62}.Release|iPhoneSimulator.ActiveCfg = Release|Any CPU
		{6DF6C077-B75D-47E8-89BD-9B1FBEC95E62}.Release|iPhoneSimulator.Build.0 = Release|Any CPU
		{6DF6C077-B75D-47E8-89BD-9B1FBEC95E62}.Release|iPhoneSimulator.Deploy.0 = Release|Any CPU
		{6DF6C077-B75D-47E8-89BD-9B1FBEC95E62}.Release|x64.ActiveCfg = Release|Any CPU
		{6DF6C077-B75D-47E8-89BD-9B1FBEC95E62}.Release|x64.Build.0 = Release|Any CPU
		{6DF6C077-B75D-47E8-89BD-9B1FBEC95E62}.Release|x64.Deploy.0 = Release|Any CPU
		{6DF6C077-B75D-47E8-89BD-9B1FBEC95E62}.Release|x86.ActiveCfg = Release|Any CPU
		{6DF6C077-B75D-47E8-89BD-9B1FBEC95E62}.Release|x86.Build.0 = Release|Any CPU
		{6DF6C077-B75D-47E8-89BD-9B1FBEC95E62}.Release|x86.Deploy.0 = Release|Any CPU
		{75D9062D-414B-4C5B-A0CF-EC493C74363E}.Debug|Any CPU.ActiveCfg = Debug|iPhoneSimulator
		{75D9062D-414B-4C5B-A0CF-EC493C74363E}.Debug|Any CPU.Build.0 = Debug|iPhoneSimulator
		{75D9062D-414B-4C5B-A0CF-EC493C74363E}.Debug|ARM.ActiveCfg = Debug|iPhoneSimulator
		{75D9062D-414B-4C5B-A0CF-EC493C74363E}.Debug|ARM.Build.0 = Debug|iPhoneSimulator
		{75D9062D-414B-4C5B-A0CF-EC493C74363E}.Debug|iPhone.ActiveCfg = Debug|iPhone
		{75D9062D-414B-4C5B-A0CF-EC493C74363E}.Debug|iPhone.Build.0 = Debug|iPhone
		{75D9062D-414B-4C5B-A0CF-EC493C74363E}.Debug|iPhoneSimulator.ActiveCfg = Debug|iPhoneSimulator
		{75D9062D-414B-4C5B-A0CF-EC493C74363E}.Debug|iPhoneSimulator.Build.0 = Debug|iPhoneSimulator
		{75D9062D-414B-4C5B-A0CF-EC493C74363E}.Debug|x64.ActiveCfg = Debug|iPhoneSimulator
		{75D9062D-414B-4C5B-A0CF-EC493C74363E}.Debug|x64.Build.0 = Debug|iPhoneSimulator
		{75D9062D-414B-4C5B-A0CF-EC493C74363E}.Debug|x86.ActiveCfg = Debug|iPhoneSimulator
		{75D9062D-414B-4C5B-A0CF-EC493C74363E}.Debug|x86.Build.0 = Debug|iPhoneSimulator
		{75D9062D-414B-4C5B-A0CF-EC493C74363E}.Release|Any CPU.ActiveCfg = Release|iPhoneSimulator
		{75D9062D-414B-4C5B-A0CF-EC493C74363E}.Release|Any CPU.Build.0 = Release|iPhoneSimulator
		{75D9062D-414B-4C5B-A0CF-EC493C74363E}.Release|ARM.ActiveCfg = Release|iPhoneSimulator
		{75D9062D-414B-4C5B-A0CF-EC493C74363E}.Release|ARM.Build.0 = Release|iPhoneSimulator
		{75D9062D-414B-4C5B-A0CF-EC493C74363E}.Release|iPhone.ActiveCfg = Release|iPhone
		{75D9062D-414B-4C5B-A0CF-EC493C74363E}.Release|iPhone.Build.0 = Release|iPhone
		{75D9062D-414B-4C5B-A0CF-EC493C74363E}.Release|iPhoneSimulator.ActiveCfg = Release|iPhoneSimulator
		{75D9062D-414B-4C5B-A0CF-EC493C74363E}.Release|iPhoneSimulator.Build.0 = Release|iPhoneSimulator
		{75D9062D-414B-4C5B-A0CF-EC493C74363E}.Release|x64.ActiveCfg = Release|iPhoneSimulator
		{75D9062D-414B-4C5B-A0CF-EC493C74363E}.Release|x64.Build.0 = Release|iPhoneSimulator
		{75D9062D-414B-4C5B-A0CF-EC493C74363E}.Release|x86.ActiveCfg = Release|iPhoneSimulator
		{75D9062D-414B-4C5B-A0CF-EC493C74363E}.Release|x86.Build.0 = Release|iPhoneSimulator
		{8C434F4B-4C29-4FCA-A75E-7F8B6EB7B7B9}.Debug|Any CPU.ActiveCfg = Debug|Any CPU
		{8C434F4B-4C29-4FCA-A75E-7F8B6EB7B7B9}.Debug|Any CPU.Build.0 = Debug|Any CPU
		{8C434F4B-4C29-4FCA-A75E-7F8B6EB7B7B9}.Debug|ARM.ActiveCfg = Debug|Any CPU
		{8C434F4B-4C29-4FCA-A75E-7F8B6EB7B7B9}.Debug|ARM.Build.0 = Debug|Any CPU
		{8C434F4B-4C29-4FCA-A75E-7F8B6EB7B7B9}.Debug|iPhone.ActiveCfg = Debug|Any CPU
		{8C434F4B-4C29-4FCA-A75E-7F8B6EB7B7B9}.Debug|iPhone.Build.0 = Debug|Any CPU
		{8C434F4B-4C29-4FCA-A75E-7F8B6EB7B7B9}.Debug|iPhoneSimulator.ActiveCfg = Debug|Any CPU
		{8C434F4B-4C29-4FCA-A75E-7F8B6EB7B7B9}.Debug|iPhoneSimulator.Build.0 = Debug|Any CPU
		{8C434F4B-4C29-4FCA-A75E-7F8B6EB7B7B9}.Debug|x64.ActiveCfg = Debug|Any CPU
		{8C434F4B-4C29-4FCA-A75E-7F8B6EB7B7B9}.Debug|x64.Build.0 = Debug|Any CPU
		{8C434F4B-4C29-4FCA-A75E-7F8B6EB7B7B9}.Debug|x86.ActiveCfg = Debug|Any CPU
		{8C434F4B-4C29-4FCA-A75E-7F8B6EB7B7B9}.Debug|x86.Build.0 = Debug|Any CPU
		{8C434F4B-4C29-4FCA-A75E-7F8B6EB7B7B9}.Release|Any CPU.ActiveCfg = Release|Any CPU
		{8C434F4B-4C29-4FCA-A75E-7F8B6EB7B7B9}.Release|Any CPU.Build.0 = Release|Any CPU
		{8C434F4B-4C29-4FCA-A75E-7F8B6EB7B7B9}.Release|ARM.ActiveCfg = Release|Any CPU
		{8C434F4B-4C29-4FCA-A75E-7F8B6EB7B7B9}.Release|ARM.Build.0 = Release|Any CPU
		{8C434F4B-4C29-4FCA-A75E-7F8B6EB7B7B9}.Release|iPhone.ActiveCfg = Release|Any CPU
		{8C434F4B-4C29-4FCA-A75E-7F8B6EB7B7B9}.Release|iPhone.Build.0 = Release|Any CPU
		{8C434F4B-4C29-4FCA-A75E-7F8B6EB7B7B9}.Release|iPhoneSimulator.ActiveCfg = Release|Any CPU
		{8C434F4B-4C29-4FCA-A75E-7F8B6EB7B7B9}.Release|iPhoneSimulator.Build.0 = Release|Any CPU
		{8C434F4B-4C29-4FCA-A75E-7F8B6EB7B7B9}.Release|x64.ActiveCfg = Release|Any CPU
		{8C434F4B-4C29-4FCA-A75E-7F8B6EB7B7B9}.Release|x64.Build.0 = Release|Any CPU
		{8C434F4B-4C29-4FCA-A75E-7F8B6EB7B7B9}.Release|x86.ActiveCfg = Release|Any CPU
		{8C434F4B-4C29-4FCA-A75E-7F8B6EB7B7B9}.Release|x86.Build.0 = Release|Any CPU
	EndGlobalSection
	GlobalSection(SolutionProperties) = preSolution
		HideSolutionNode = FALSE
	EndGlobalSection
	GlobalSection(ExtensibilityGlobals) = postSolution
		SolutionGuid = {BB76558F-472F-4C19-BCC4-B07B3A941863}
	EndGlobalSection
EndGlobal
